
Microsoft Visual Studio Solution File, Format Version 12.00
Project("{FAE04EC0-301F-11D3-BF4B-00C04F79EFBC}") = "opensea-netcore", "opensea-netcore\opensea-netcore.csproj", "{BC6D69EF-C124-4400-958A-165A827307CD}"
EndProject
Global
	GlobalSection(SolutionConfigurationPlatforms) = preSolution
		Debug|Any CPU = Debug|Any CPU
		Release|Any CPU = Release|Any CPU
	EndGlobalSection
	GlobalSection(ProjectConfigurationPlatforms) = postSolution
		{BC6D69EF-C124-4400-958A-165A827307CD}.Debug|Any CPU.ActiveCfg = Debug|Any CPU
		{BC6D69EF-C124-4400-958A-165A827307CD}.Debug|Any CPU.Build.0 = Debug|Any CPU
		{BC6D69EF-C124-4400-958A-165A827307CD}.Release|Any CPU.ActiveCfg = Release|Any CPU
		{BC6D69EF-C124-4400-958A-165A827307CD}.Release|Any CPU.Build.0 = Release|Any CPU
	EndGlobalSection
EndGlobal
